
Microsoft Visual Studio Solution File, Format Version 12.00
# Visual Studio Version 17
VisualStudioVersion = 17.5.002.0
MinimumVisualStudioVersion = 10.0.40219.1
Project("{9A19103F-16F7-4668-BE54-9A1E7A4F7556}") = "sprint0", "sprint0.csproj", "{1208B510-8EA7-4928-A40E-AA4B2D126DBB}"
EndProject
Global
	GlobalSection(SolutionConfigurationPlatforms) = preSolution
		Debug|Any CPU = Debug|Any CPU
		Release|Any CPU = Release|Any CPU
	EndGlobalSection
	GlobalSection(ProjectConfigurationPlatforms) = postSolution
		{1208B510-8EA7-4928-A40E-AA4B2D126DBB}.Debug|Any CPU.ActiveCfg = Debug|Any CPU
		{1208B510-8EA7-4928-A40E-AA4B2D126DBB}.Debug|Any CPU.Build.0 = Debug|Any CPU
		{1208B510-8EA7-4928-A40E-AA4B2D126DBB}.Release|Any CPU.ActiveCfg = Release|Any CPU
		{1208B510-8EA7-4928-A40E-AA4B2D126DBB}.Release|Any CPU.Build.0 = Release|Any CPU
	EndGlobalSection
	GlobalSection(SolutionProperties) = preSolution
		HideSolutionNode = FALSE
	EndGlobalSection
	GlobalSection(ExtensibilityGlobals) = postSolution
		SolutionGuid = {4C435406-2EB5-449A-8B76-F638BFB8A5C5}
	EndGlobalSection
EndGlobal
